
Microsoft Visual Studio Solution File, Format Version 12.00
# Visual Studio Version 17
VisualStudioVersion = 17.5.002.0
MinimumVisualStudioVersion = 10.0.40219.1
Project("{9A19103F-16F7-4668-BE54-9A1E7A4F7556}") = "WebApi_Minimal1", "WebApi_Minimal1.csproj", "{CADC5474-C809-453D-94A6-FCC966D09BCB}"
EndProject
Global
	GlobalSection(SolutionConfigurationPlatforms) = preSolution
		Debug|Any CPU = Debug|Any CPU
		Release|Any CPU = Release|Any CPU
	EndGlobalSection
	GlobalSection(ProjectConfigurationPlatforms) = postSolution
		{CADC5474-C809-453D-94A6-FCC966D09BCB}.Debug|Any CPU.ActiveCfg = Debug|Any CPU
		{CADC5474-C809-453D-94A6-FCC966D09BCB}.Debug|Any CPU.Build.0 = Debug|Any CPU
		{CADC5474-C809-453D-94A6-FCC966D09BCB}.Release|Any CPU.ActiveCfg = Release|Any CPU
		{CADC5474-C809-453D-94A6-FCC966D09BCB}.Release|Any CPU.Build.0 = Release|Any CPU
	EndGlobalSection
	GlobalSection(SolutionProperties) = preSolution
		HideSolutionNode = FALSE
	EndGlobalSection
	GlobalSection(ExtensibilityGlobals) = postSolution
		SolutionGuid = {DF2A20B3-7DA5-4130-95CD-020541F9EC36}
	EndGlobalSection
EndGlobal
